
Microsoft Visual Studio Solution File, Format Version 12.00
# Visual Studio 14
VisualStudioVersion = 14.0.24720.0
MinimumVisualStudioVersion = 10.0.40219.1
Project("{2150E333-8FDC-42A3-9474-1A3956D46DE8}") = "externals", "externals", "{697C8FFB-2D7C-418D-A387-054747206AC2}"
EndProject
Project("{8BC9CEB8-8B4A-11D0-8D11-00A0C91BC942}") = "zlib", "externals\zlib\zlib.vcxproj", "{F761046E-6C38-4428-A5F1-38391A37BB34}"
EndProject
Project("{2150E333-8FDC-42A3-9474-1A3956D46DE8}") = "tests", "tests", "{04EA3EAD-EA25-4335-8AB4-743FD64EA58E}"
EndProject
Project("{2150E333-8FDC-42A3-9474-1A3956D46DE8}") = "wrappers", "wrappers", "{23F66B7C-9BC8-409B-8135-3C3AC7423527}"
EndProject
Project("{8BC9CEB8-8B4A-11D0-8D11-00A0C91BC942}") = "nucleus-core", "nucleus\nucleus-core.vcxproj", "{D355BE01-81EB-4204-97CF-1C273C287E9F}"
	ProjectSection(ProjectDependencies) = postProject
		{96B95468-3FE2-4D9D-9D4F-B5B996C872C6} = {96B95468-3FE2-4D9D-9D4F-B5B996C872C6}
	EndProjectSection
EndProject
Project("{2150E333-8FDC-42A3-9474-1A3956D46DE8}") = "nucleus", "nucleus", "{A7460D25-D247-4280-A724-C612EF91F823}"
EndProject
Project("{8BC9CEB8-8B4A-11D0-8D11-00A0C91BC942}") = "cpu", "nucleus\cpu\cpu.vcxproj", "{D646D01B-1B44-4C1F-8308-4EDA00D55609}"
	ProjectSection(ProjectDependencies) = postProject
		{C3E1D12D-C2D8-419E-B50D-87109376430E} = {C3E1D12D-C2D8-419E-B50D-87109376430E}
		{565F1684-CF19-4FF6-9B47-35B02FC64594} = {565F1684-CF19-4FF6-9B47-35B02FC64594}
	EndProjectSection
EndProject
Project("{8BC9CEB8-8B4A-11D0-8D11-00A0C91BC942}") = "gpu", "nucleus\gpu\gpu.vcxproj", "{2D971DF1-BCBD-43CD-9949-38272E977931}"
EndProject
Project("{8BC9CEB8-8B4A-11D0-8D11-00A0C91BC942}") = "ui", "nucleus\ui\ui.vcxproj", "{95F4E809-3F13-4BB0-899D-1EC6710E53CA}"
EndProject
Project("{8BC9CEB8-8B4A-11D0-8D11-00A0C91BC942}") = "debugger", "nucleus\debugger\debugger.vcxproj", "{B2984A08-35C5-4AE0-9F68-637D76DF48D3}"
EndProject
Project("{8BC9CEB8-8B4A-11D0-8D11-00A0C91BC942}") = "logger", "nucleus\logger\logger.vcxproj", "{565F1684-CF19-4FF6-9B47-35B02FC64594}"
EndProject
Project("{8BC9CEB8-8B4A-11D0-8D11-00A0C91BC942}") = "graphics", "nucleus\graphics\graphics.vcxproj", "{DEC03C34-1B7E-4DC5-B19D-9529F79C448F}"
EndProject
Project("{8BC9CEB8-8B4A-11D0-8D11-00A0C91BC942}") = "audio", "nucleus\audio\audio.vcxproj", "{90F65516-92CD-474B-82FA-8626349D8EAE}"
EndProject
Project("{8BC9CEB8-8B4A-11D0-8D11-00A0C91BC942}") = "filesystem", "nucleus\filesystem\filesystem.vcxproj", "{03262B99-C1D8-4A52-9B4C-50E9A3283648}"
EndProject
Project("{8BC9CEB8-8B4A-11D0-8D11-00A0C91BC942}") = "system", "nucleus\system\system.vcxproj", "{3F169D7D-3E50-448A-88A2-35FF7A6BD004}"
EndProject
Project("{8BC9CEB8-8B4A-11D0-8D11-00A0C91BC942}") = "core", "nucleus\core\core.vcxproj", "{C3E1D12D-C2D8-419E-B50D-87109376430E}"
	ProjectSection(ProjectDependencies) = postProject
		{03262B99-C1D8-4A52-9B4C-50E9A3283648} = {03262B99-C1D8-4A52-9B4C-50E9A3283648}
	EndProjectSection
EndProject
Project("{8BC9CEB8-8B4A-11D0-8D11-00A0C91BC942}") = "memory", "nucleus\memory\memory.vcxproj", "{96B95468-3FE2-4D9D-9D4F-B5B996C872C6}"
EndProject
Project("{8BC9CEB8-8B4A-11D0-8D11-00A0C91BC942}") = "test_cpu", "tests\cpu\test_cpu.vcxproj", "{B1FF30F1-16CC-43E9-A896-CE8D54312F62}"
	ProjectSection(ProjectDependencies) = postProject
		{D646D01B-1B44-4C1F-8308-4EDA00D55609} = {D646D01B-1B44-4C1F-8308-4EDA00D55609}
	EndProjectSection
EndProject
Project("{8BC9CEB8-8B4A-11D0-8D11-00A0C91BC942}") = "nucleus-windows", "wrappers\windows\nucleus-windows.vcxproj", "{C5DDBB9E-692C-49F0-988F-7A3442D4DD9B}"
EndProject
Project("{8BC9CEB8-8B4A-11D0-8D11-00A0C91BC942}") = "nucleus-uwp", "wrappers\uwp\nucleus-uwp.vcxproj", "{B93FE3B0-3DAE-45B0-88DE-F8568F3E04AB}"
EndProject
Global
	GlobalSection(SolutionConfigurationPlatforms) = preSolution
		Debug|ARM = Debug|ARM
		Debug|x64 = Debug|x64
		Debug|x86 = Debug|x86
		Release|ARM = Release|ARM
		Release|x64 = Release|x64
		Release|x86 = Release|x86
	EndGlobalSection
	GlobalSection(ProjectConfigurationPlatforms) = postSolution
		{F761046E-6C38-4428-A5F1-38391A37BB34}.Debug|ARM.ActiveCfg = Debug|x64
		{F761046E-6C38-4428-A5F1-38391A37BB34}.Debug|x64.ActiveCfg = Debug|x64
		{F761046E-6C38-4428-A5F1-38391A37BB34}.Debug|x64.Build.0 = Debug|x64
		{F761046E-6C38-4428-A5F1-38391A37BB34}.Debug|x86.ActiveCfg = Debug|x64
		{F761046E-6C38-4428-A5F1-38391A37BB34}.Release|ARM.ActiveCfg = Release|x64
		{F761046E-6C38-4428-A5F1-38391A37BB34}.Release|x64.ActiveCfg = Release|x64
		{F761046E-6C38-4428-A5F1-38391A37BB34}.Release|x64.Build.0 = Release|x64
		{F761046E-6C38-4428-A5F1-38391A37BB34}.Release|x86.ActiveCfg = Release|x64
		{D355BE01-81EB-4204-97CF-1C273C287E9F}.Debug|ARM.ActiveCfg = Debug|x64
		{D355BE01-81EB-4204-97CF-1C273C287E9F}.Debug|x64.ActiveCfg = Debug|x64
		{D355BE01-81EB-4204-97CF-1C273C287E9F}.Debug|x64.Build.0 = Debug|x64
		{D355BE01-81EB-4204-97CF-1C273C287E9F}.Debug|x86.ActiveCfg = Debug|x64
		{D355BE01-81EB-4204-97CF-1C273C287E9F}.Release|ARM.ActiveCfg = Release|x64
		{D355BE01-81EB-4204-97CF-1C273C287E9F}.Release|x64.ActiveCfg = Release|x64
		{D355BE01-81EB-4204-97CF-1C273C287E9F}.Release|x64.Build.0 = Release|x64
		{D355BE01-81EB-4204-97CF-1C273C287E9F}.Release|x86.ActiveCfg = Release|x64
		{D646D01B-1B44-4C1F-8308-4EDA00D55609}.Debug|ARM.ActiveCfg = Debug|x64
		{D646D01B-1B44-4C1F-8308-4EDA00D55609}.Debug|x64.ActiveCfg = Debug|x64
		{D646D01B-1B44-4C1F-8308-4EDA00D55609}.Debug|x64.Build.0 = Debug|x64
		{D646D01B-1B44-4C1F-8308-4EDA00D55609}.Debug|x86.ActiveCfg = Debug|x64
		{D646D01B-1B44-4C1F-8308-4EDA00D55609}.Release|ARM.ActiveCfg = Release|x64
		{D646D01B-1B44-4C1F-8308-4EDA00D55609}.Release|x64.ActiveCfg = Release|x64
		{D646D01B-1B44-4C1F-8308-4EDA00D55609}.Release|x64.Build.0 = Release|x64
		{D646D01B-1B44-4C1F-8308-4EDA00D55609}.Release|x86.ActiveCfg = Release|x64
		{2D971DF1-BCBD-43CD-9949-38272E977931}.Debug|ARM.ActiveCfg = Debug|x64
		{2D971DF1-BCBD-43CD-9949-38272E977931}.Debug|x64.ActiveCfg = Debug|x64
		{2D971DF1-BCBD-43CD-9949-38272E977931}.Debug|x64.Build.0 = Debug|x64
		{2D971DF1-BCBD-43CD-9949-38272E977931}.Debug|x86.ActiveCfg = Debug|x64
		{2D971DF1-BCBD-43CD-9949-38272E977931}.Release|ARM.ActiveCfg = Release|x64
		{2D971DF1-BCBD-43CD-9949-38272E977931}.Release|x64.ActiveCfg = Release|x64
		{2D971DF1-BCBD-43CD-9949-38272E977931}.Release|x64.Build.0 = Release|x64
		{2D971DF1-BCBD-43CD-9949-38272E977931}.Release|x86.ActiveCfg = Release|x64
		{95F4E809-3F13-4BB0-899D-1EC6710E53CA}.Debug|ARM.ActiveCfg = Debug|x64
		{95F4E809-3F13-4BB0-899D-1EC6710E53CA}.Debug|x64.ActiveCfg = Debug|x64
		{95F4E809-3F13-4BB0-899D-1EC6710E53CA}.Debug|x64.Build.0 = Debug|x64
		{95F4E809-3F13-4BB0-899D-1EC6710E53CA}.Debug|x86.ActiveCfg = Debug|x64
		{95F4E809-3F13-4BB0-899D-1EC6710E53CA}.Release|ARM.ActiveCfg = Release|x64
		{95F4E809-3F13-4BB0-899D-1EC6710E53CA}.Release|x64.ActiveCfg = Release|x64
		{95F4E809-3F13-4BB0-899D-1EC6710E53CA}.Release|x64.Build.0 = Release|x64
		{95F4E809-3F13-4BB0-899D-1EC6710E53CA}.Release|x86.ActiveCfg = Release|x64
		{B2984A08-35C5-4AE0-9F68-637D76DF48D3}.Debug|ARM.ActiveCfg = Debug|x64
		{B2984A08-35C5-4AE0-9F68-637D76DF48D3}.Debug|x64.ActiveCfg = Debug|x64
		{B2984A08-35C5-4AE0-9F68-637D76DF48D3}.Debug|x64.Build.0 = Debug|x64
		{B2984A08-35C5-4AE0-9F68-637D76DF48D3}.Debug|x86.ActiveCfg = Debug|x64
		{B2984A08-35C5-4AE0-9F68-637D76DF48D3}.Release|ARM.ActiveCfg = Release|x64
		{B2984A08-35C5-4AE0-9F68-637D76DF48D3}.Release|x64.ActiveCfg = Release|x64
		{B2984A08-35C5-4AE0-9F68-637D76DF48D3}.Release|x64.Build.0 = Release|x64
		{B2984A08-35C5-4AE0-9F68-637D76DF48D3}.Release|x86.ActiveCfg = Release|x64
		{565F1684-CF19-4FF6-9B47-35B02FC64594}.Debug|ARM.ActiveCfg = Debug|x64
		{565F1684-CF19-4FF6-9B47-35B02FC64594}.Debug|x64.ActiveCfg = Debug|x64
		{565F1684-CF19-4FF6-9B47-35B02FC64594}.Debug|x64.Build.0 = Debug|x64
		{565F1684-CF19-4FF6-9B47-35B02FC64594}.Debug|x86.ActiveCfg = Debug|x64
		{565F1684-CF19-4FF6-9B47-35B02FC64594}.Release|ARM.ActiveCfg = Release|x64
		{565F1684-CF19-4FF6-9B47-35B02FC64594}.Release|x64.ActiveCfg = Release|x64
		{565F1684-CF19-4FF6-9B47-35B02FC64594}.Release|x64.Build.0 = Release|x64
		{565F1684-CF19-4FF6-9B47-35B02FC64594}.Release|x86.ActiveCfg = Release|x64
		{DEC03C34-1B7E-4DC5-B19D-9529F79C448F}.Debug|ARM.ActiveCfg = Debug|x64
		{DEC03C34-1B7E-4DC5-B19D-9529F79C448F}.Debug|x64.ActiveCfg = Debug|x64
		{DEC03C34-1B7E-4DC5-B19D-9529F79C448F}.Debug|x64.Build.0 = Debug|x64
		{DEC03C34-1B7E-4DC5-B19D-9529F79C448F}.Debug|x86.ActiveCfg = Debug|x64
		{DEC03C34-1B7E-4DC5-B19D-9529F79C448F}.Release|ARM.ActiveCfg = Release|x64
		{DEC03C34-1B7E-4DC5-B19D-9529F79C448F}.Release|x64.ActiveCfg = Release|x64
		{DEC03C34-1B7E-4DC5-B19D-9529F79C448F}.Release|x64.Build.0 = Release|x64
		{DEC03C34-1B7E-4DC5-B19D-9529F79C448F}.Release|x86.ActiveCfg = Release|x64
		{90F65516-92CD-474B-82FA-8626349D8EAE}.Debug|ARM.ActiveCfg = Debug|x64
		{90F65516-92CD-474B-82FA-8626349D8EAE}.Debug|x64.ActiveCfg = Debug|x64
		{90F65516-92CD-474B-82FA-8626349D8EAE}.Debug|x64.Build.0 = Debug|x64
		{90F65516-92CD-474B-82FA-8626349D8EAE}.Debug|x86.ActiveCfg = Debug|x64
		{90F65516-92CD-474B-82FA-8626349D8EAE}.Release|ARM.ActiveCfg = Release|x64
		{90F65516-92CD-474B-82FA-8626349D8EAE}.Release|x64.ActiveCfg = Release|x64
		{90F65516-92CD-474B-82FA-8626349D8EAE}.Release|x64.Build.0 = Release|x64
		{90F65516-92CD-474B-82FA-8626349D8EAE}.Release|x86.ActiveCfg = Release|x64
		{03262B99-C1D8-4A52-9B4C-50E9A3283648}.Debug|ARM.ActiveCfg = Debug|x64
		{03262B99-C1D8-4A52-9B4C-50E9A3283648}.Debug|x64.ActiveCfg = Debug|x64
		{03262B99-C1D8-4A52-9B4C-50E9A3283648}.Debug|x64.Build.0 = Debug|x64
		{03262B99-C1D8-4A52-9B4C-50E9A3283648}.Debug|x86.ActiveCfg = Debug|x64
		{03262B99-C1D8-4A52-9B4C-50E9A3283648}.Release|ARM.ActiveCfg = Release|x64
		{03262B99-C1D8-4A52-9B4C-50E9A3283648}.Release|x64.ActiveCfg = Release|x64
		{03262B99-C1D8-4A52-9B4C-50E9A3283648}.Release|x64.Build.0 = Release|x64
		{03262B99-C1D8-4A52-9B4C-50E9A3283648}.Release|x86.ActiveCfg = Release|x64
		{3F169D7D-3E50-448A-88A2-35FF7A6BD004}.Debug|ARM.ActiveCfg = Debug|x64
		{3F169D7D-3E50-448A-88A2-35FF7A6BD004}.Debug|x64.ActiveCfg = Debug|x64
		{3F169D7D-3E50-448A-88A2-35FF7A6BD004}.Debug|x64.Build.0 = Debug|x64
		{3F169D7D-3E50-448A-88A2-35FF7A6BD004}.Debug|x86.ActiveCfg = Debug|x64
		{3F169D7D-3E50-448A-88A2-35FF7A6BD004}.Release|ARM.ActiveCfg = Release|x64
		{3F169D7D-3E50-448A-88A2-35FF7A6BD004}.Release|x64.ActiveCfg = Release|x64
		{3F169D7D-3E50-448A-88A2-35FF7A6BD004}.Release|x64.Build.0 = Release|x64
		{3F169D7D-3E50-448A-88A2-35FF7A6BD004}.Release|x86.ActiveCfg = Release|x64
		{C3E1D12D-C2D8-419E-B50D-87109376430E}.Debug|ARM.ActiveCfg = Debug|x64
		{C3E1D12D-C2D8-419E-B50D-87109376430E}.Debug|x64.ActiveCfg = Debug|x64
		{C3E1D12D-C2D8-419E-B50D-87109376430E}.Debug|x64.Build.0 = Debug|x64
		{C3E1D12D-C2D8-419E-B50D-87109376430E}.Debug|x86.ActiveCfg = Debug|x64
		{C3E1D12D-C2D8-419E-B50D-87109376430E}.Release|ARM.ActiveCfg = Release|x64
		{C3E1D12D-C2D8-419E-B50D-87109376430E}.Release|x64.ActiveCfg = Release|x64
		{C3E1D12D-C2D8-419E-B50D-87109376430E}.Release|x64.Build.0 = Release|x64
		{C3E1D12D-C2D8-419E-B50D-87109376430E}.Release|x86.ActiveCfg = Release|x64
		{96B95468-3FE2-4D9D-9D4F-B5B996C872C6}.Debug|ARM.ActiveCfg = Debug|x64
		{96B95468-3FE2-4D9D-9D4F-B5B996C872C6}.Debug|x64.ActiveCfg = Debug|x64
		{96B95468-3FE2-4D9D-9D4F-B5B996C872C6}.Debug|x64.Build.0 = Debug|x64
		{96B95468-3FE2-4D9D-9D4F-B5B996C872C6}.Debug|x86.ActiveCfg = Debug|x64
		{96B95468-3FE2-4D9D-9D4F-B5B996C872C6}.Release|ARM.ActiveCfg = Release|x64
		{96B95468-3FE2-4D9D-9D4F-B5B996C872C6}.Release|x64.ActiveCfg = Release|x64
		{96B95468-3FE2-4D9D-9D4F-B5B996C872C6}.Release|x64.Build.0 = Release|x64
		{96B95468-3FE2-4D9D-9D4F-B5B996C872C6}.Release|x86.ActiveCfg = Release|x64
		{B1FF30F1-16CC-43E9-A896-CE8D54312F62}.Debug|ARM.ActiveCfg = Debug|x64
		{B1FF30F1-16CC-43E9-A896-CE8D54312F62}.Debug|x64.ActiveCfg = Debug|x64
		{B1FF30F1-16CC-43E9-A896-CE8D54312F62}.Debug|x64.Build.0 = Debug|x64
		{B1FF30F1-16CC-43E9-A896-CE8D54312F62}.Debug|x86.ActiveCfg = Debug|x64
		{B1FF30F1-16CC-43E9-A896-CE8D54312F62}.Release|ARM.ActiveCfg = Release|x64
		{B1FF30F1-16CC-43E9-A896-CE8D54312F62}.Release|x64.ActiveCfg = Release|x64
		{B1FF30F1-16CC-43E9-A896-CE8D54312F62}.Release|x64.Build.0 = Release|x64
		{B1FF30F1-16CC-43E9-A896-CE8D54312F62}.Release|x86.ActiveCfg = Release|x64
		{C5DDBB9E-692C-49F0-988F-7A3442D4DD9B}.Debug|ARM.ActiveCfg = Debug|x64
		{C5DDBB9E-692C-49F0-988F-7A3442D4DD9B}.Debug|x64.ActiveCfg = Debug|x64
		{C5DDBB9E-692C-49F0-988F-7A3442D4DD9B}.Debug|x64.Build.0 = Debug|x64
		{C5DDBB9E-692C-49F0-988F-7A3442D4DD9B}.Debug|x86.ActiveCfg = Debug|x64
		{C5DDBB9E-692C-49F0-988F-7A3442D4DD9B}.Release|ARM.ActiveCfg = Release|x64
		{C5DDBB9E-692C-49F0-988F-7A3442D4DD9B}.Release|x64.ActiveCfg = Release|x64
		{C5DDBB9E-692C-49F0-988F-7A3442D4DD9B}.Release|x64.Build.0 = Release|x64
		{C5DDBB9E-692C-49F0-988F-7A3442D4DD9B}.Release|x86.ActiveCfg = Release|x64
		{B93FE3B0-3DAE-45B0-88DE-F8568F3E04AB}.Debug|ARM.ActiveCfg = Debug|ARM
		{B93FE3B0-3DAE-45B0-88DE-F8568F3E04AB}.Debug|ARM.Build.0 = Debug|ARM
		{B93FE3B0-3DAE-45B0-88DE-F8568F3E04AB}.Debug|ARM.Deploy.0 = Debug|ARM
		{B93FE3B0-3DAE-45B0-88DE-F8568F3E04AB}.Debug|x64.ActiveCfg = Debug|x64
		{B93FE3B0-3DAE-45B0-88DE-F8568F3E04AB}.Debug|x64.Build.0 = Debug|x64
		{B93FE3B0-3DAE-45B0-88DE-F8568F3E04AB}.Debug|x64.Deploy.0 = Debug|x64
		{B93FE3B0-3DAE-45B0-88DE-F8568F3E04AB}.Debug|x86.ActiveCfg = Debug|Win32
		{B93FE3B0-3DAE-45B0-88DE-F8568F3E04AB}.Debug|x86.Build.0 = Debug|Win32
		{B93FE3B0-3DAE-45B0-88DE-F8568F3E04AB}.Debug|x86.Deploy.0 = Debug|Win32
		{B93FE3B0-3DAE-45B0-88DE-F8568F3E04AB}.Release|ARM.ActiveCfg = Release|ARM
		{B93FE3B0-3DAE-45B0-88DE-F8568F3E04AB}.Release|ARM.Build.0 = Release|ARM
		{B93FE3B0-3DAE-45B0-88DE-F8568F3E04AB}.Release|ARM.Deploy.0 = Release|ARM
		{B93FE3B0-3DAE-45B0-88DE-F8568F3E04AB}.Release|x64.ActiveCfg = Release|x64
		{B93FE3B0-3DAE-45B0-88DE-F8568F3E04AB}.Release|x64.Build.0 = Release|x64
		{B93FE3B0-3DAE-45B0-88DE-F8568F3E04AB}.Release|x64.Deploy.0 = Release|x64
		{B93FE3B0-3DAE-45B0-88DE-F8568F3E04AB}.Release|x86.ActiveCfg = Release|Win32
		{B93FE3B0-3DAE-45B0-88DE-F8568F3E04AB}.Release|x86.Build.0 = Release|Win32
		{B93FE3B0-3DAE-45B0-88DE-F8568F3E04AB}.Release|x86.Deploy.0 = Release|Win32
	EndGlobalSection
	GlobalSection(SolutionProperties) = preSolution
		HideSolutionNode = FALSE
	EndGlobalSection
	GlobalSection(NestedProjects) = preSolution
		{F761046E-6C38-4428-A5F1-38391A37BB34} = {697C8FFB-2D7C-418D-A387-054747206AC2}
		{D355BE01-81EB-4204-97CF-1C273C287E9F} = {A7460D25-D247-4280-A724-C612EF91F823}
		{D646D01B-1B44-4C1F-8308-4EDA00D55609} = {A7460D25-D247-4280-A724-C612EF91F823}
		{2D971DF1-BCBD-43CD-9949-38272E977931} = {A7460D25-D247-4280-A724-C612EF91F823}
		{95F4E809-3F13-4BB0-899D-1EC6710E53CA} = {A7460D25-D247-4280-A724-C612EF91F823}
		{B2984A08-35C5-4AE0-9F68-637D76DF48D3} = {A7460D25-D247-4280-A724-C612EF91F823}
		{565F1684-CF19-4FF6-9B47-35B02FC64594} = {A7460D25-D247-4280-A724-C612EF91F823}
		{DEC03C34-1B7E-4DC5-B19D-9529F79C448F} = {A7460D25-D247-4280-A724-C612EF91F823}
		{90F65516-92CD-474B-82FA-8626349D8EAE} = {A7460D25-D247-4280-A724-C612EF91F823}
		{03262B99-C1D8-4A52-9B4C-50E9A3283648} = {A7460D25-D247-4280-A724-C612EF91F823}
		{3F169D7D-3E50-448A-88A2-35FF7A6BD004} = {A7460D25-D247-4280-A724-C612EF91F823}
		{C3E1D12D-C2D8-419E-B50D-87109376430E} = {A7460D25-D247-4280-A724-C612EF91F823}
		{96B95468-3FE2-4D9D-9D4F-B5B996C872C6} = {A7460D25-D247-4280-A724-C612EF91F823}
		{B1FF30F1-16CC-43E9-A896-CE8D54312F62} = {04EA3EAD-EA25-4335-8AB4-743FD64EA58E}
		{C5DDBB9E-692C-49F0-988F-7A3442D4DD9B} = {23F66B7C-9BC8-409B-8135-3C3AC7423527}
		{B93FE3B0-3DAE-45B0-88DE-F8568F3E04AB} = {23F66B7C-9BC8-409B-8135-3C3AC7423527}
	EndGlobalSection
EndGlobal
