<?xml version="1.0" encoding="utf-8"?>
<Project ToolsVersion="4.0" xmlns="http://schemas.microsoft.com/developer/msbuild/2003">
  <ItemGroup>
    <Filter Include="Products">
      <UniqueIdentifier>{c379abfe-44cc-491a-b780-8bc86e133680}</UniqueIdentifier>
    </Filter>
  </ItemGroup>
  <ItemGroup>
    <ClCompile Include="main.mm" />
    <InfoPlist Include="Info.plist">
      <Filter>Products</Filter>
    </InfoPlist>
  </ItemGroup>
</Project>