<?xml version="1.0" encoding="utf-8"?>
<Project ToolsVersion="4.0" xmlns="http://schemas.microsoft.com/developer/msbuild/2003">
  <ItemGroup>
    <Filter Include="backend">
      <UniqueIdentifier>{ead88e74-d63b-4e0f-9a0f-701006c666ef}</UniqueIdentifier>
    </Filter>
    <Filter Include="backend\opengl">
      <UniqueIdentifier>{87cf1e7c-fd4f-49ee-b82c-25a0df60d5f9}</UniqueIdentifier>
    </Filter>
    <Filter Include="hir">
      <UniqueIdentifier>{1d46846f-7248-4b02-bf2d-2b9ca13ff384}</UniqueIdentifier>
    </Filter>
    <Filter Include="backend\direct3d12">
      <UniqueIdentifier>{b4f630a9-8353-4a1a-927e-8fd826fb2fb6}</UniqueIdentifier>
    </Filter>
  </ItemGroup>
  <ItemGroup>
    <ClCompile Include="graphics.cpp" />
    <ClCompile Include="hir\builder.cpp">
      <Filter>hir</Filter>
    </ClCompile>
    <ClCompile Include="backend\opengl\opengl_command_buffer.cpp">
      <Filter>backend\opengl</Filter>
    </ClCompile>
    <ClCompile Include="backend\opengl\opengl.cpp">
      <Filter>backend\opengl</Filter>
    </ClCompile>
    <ClCompile Include="backend\opengl\opengl_backend.cpp">
      <Filter>backend\opengl</Filter>
    </ClCompile>
    <ClCompile Include="backend\direct3d12\direct3d12_command_buffer.cpp">
      <Filter>backend\direct3d12</Filter>
    </ClCompile>
    <ClCompile Include="hir\function.cpp">
      <Filter>hir</Filter>
    </ClCompile>
    <ClCompile Include="hir\module.cpp">
      <Filter>hir</Filter>
    </ClCompile>
    <ClCompile Include="hir\block.cpp">
      <Filter>hir</Filter>
    </ClCompile>
    <ClCompile Include="backend\opengl\opengl_command_queue.cpp">
      <Filter>backend\opengl</Filter>
    </ClCompile>
    <ClCompile Include="backend\direct3d12\direct3d12_command_queue.cpp">
      <Filter>backend\direct3d12</Filter>
    </ClCompile>
    <ClCompile Include="backend\direct3d12\direct3d12_backend.cpp">
      <Filter>backend\direct3d12</Filter>
    </ClCompile>
    <ClCompile Include="hir\value.cpp">
      <Filter>hir</Filter>
    </ClCompile>
    <ClCompile Include="hir\opcodes.cpp">
      <Filter>hir</Filter>
    </ClCompile>
    <ClCompile Include="hir\instruction.cpp">
      <Filter>hir</Filter>
    </ClCompile>
    <ClCompile Include="backend\direct3d12\direct3d12.cpp">
      <Filter>backend\direct3d12</Filter>
    </ClCompile>
  </ItemGroup>
  <ItemGroup>
    <ClInclude Include="graphics.h" />
    <ClInclude Include="hir\builder.h">
      <Filter>hir</Filter>
    </ClInclude>
    <ClInclude Include="backend\opengl\opengl_command_buffer.h">
      <Filter>backend\opengl</Filter>
    </ClInclude>
    <ClInclude Include="command_buffer.h" />
    <ClInclude Include="backend\opengl\opengl.h">
      <Filter>backend\opengl</Filter>
    </ClInclude>
    <ClInclude Include="backend\opengl\opengl_backend.h">
      <Filter>backend\opengl</Filter>
    </ClInclude>
    <ClInclude Include="backend\direct3d12\direct3d12_command_buffer.h">
      <Filter>backend\direct3d12</Filter>
    </ClInclude>
    <ClInclude Include="texture.h" />
    <ClInclude Include="hir\block.h">
      <Filter>hir</Filter>
    </ClInclude>
    <ClInclude Include="hir\function.h">
      <Filter>hir</Filter>
    </ClInclude>
    <ClInclude Include="hir\module.h">
      <Filter>hir</Filter>
    </ClInclude>
    <ClInclude Include="hir\type.h">
      <Filter>hir</Filter>
    </ClInclude>
    <ClInclude Include="hir\instruction.h">
      <Filter>hir</Filter>
    </ClInclude>
    <ClInclude Include="hir\value.h">
      <Filter>hir</Filter>
    </ClInclude>
    <ClInclude Include="command_queue.h" />
    <ClInclude Include="backend\opengl\opengl_command_queue.h">
      <Filter>backend\opengl</Filter>
    </ClInclude>
    <ClInclude Include="target.h" />
    <ClInclude Include="backend\opengl\opengl_target.h">
      <Filter>backend\opengl</Filter>
    </ClInclude>
    <ClInclude Include="backend\direct3d12\direct3d12_pipeline.h">
      <Filter>backend\direct3d12</Filter>
    </ClInclude>
    <ClInclude Include="backend\opengl\opengl_pipeline.h">
      <Filter>backend\opengl</Filter>
    </ClInclude>
    <ClInclude Include="pipeline.h" />
    <ClInclude Include="backend\direct3d12\direct3d12_command_queue.h">
      <Filter>backend\direct3d12</Filter>
    </ClInclude>
    <ClInclude Include="backend\direct3d12\direct3d12_backend.h">
      <Filter>backend\direct3d12</Filter>
    </ClInclude>
    <ClInclude Include="backends.h" />
    <ClInclude Include="backend\direct3d12\direct3d12.h">
      <Filter>backend\direct3d12</Filter>
    </ClInclude>
    <ClInclude Include="hir\opcodes.h">
      <Filter>hir</Filter>
    </ClInclude>
    <ClInclude Include="backend\direct3d12\direct3d12_target.h">
      <Filter>backend\direct3d12</Filter>
    </ClInclude>
    <ClInclude Include="heap.h" />
    <ClInclude Include="backend\direct3d12\direct3d12_heap.h">
      <Filter>backend\direct3d12</Filter>
    </ClInclude>
  </ItemGroup>
  <ItemGroup>
    <None Include="backend\opengl\opengl.inl">
      <Filter>backend\opengl</Filter>
    </None>
    <None Include="hir\opcodes.inl">
      <Filter>hir</Filter>
    </None>
    <None Include="backend\direct3d12\direct3d12.inl">
      <Filter>backend\direct3d12</Filter>
    </None>
  </ItemGroup>
</Project>