<?xml version="1.0" encoding="utf-8"?>
<Project ToolsVersion="4.0" xmlns="http://schemas.microsoft.com/developer/msbuild/2003">
  <ItemGroup>
    <Filter Include="backend">
      <UniqueIdentifier>{12ef92de-2436-45ef-ad57-95d98ec9a769}</UniqueIdentifier>
    </Filter>
    <Filter Include="backend\direct3d12">
      <UniqueIdentifier>{9249b02a-f608-4707-9120-c4a7a18a3aaa}</UniqueIdentifier>
    </Filter>
    <Filter Include="hir">
      <UniqueIdentifier>{7bff1ef5-f604-4242-8c2a-e0aec6cba531}</UniqueIdentifier>
    </Filter>
    <Filter Include="frontend">
      <UniqueIdentifier>{e8ed3987-fff5-4bbf-8cf5-9bbd79b74340}</UniqueIdentifier>
    </Filter>
    <Filter Include="frontend\opengl">
      <UniqueIdentifier>{d6879cf1-cc5b-4f64-b6a9-349f9119146a}</UniqueIdentifier>
    </Filter>
    <Filter Include="frontend\vulkan">
      <UniqueIdentifier>{8fc5d072-09e7-40de-9a5b-5dbcb07ac0e3}</UniqueIdentifier>
    </Filter>
    <Filter Include="backend\vulkan">
      <UniqueIdentifier>{afff366d-337a-45b1-97fb-ae2a40010517}</UniqueIdentifier>
    </Filter>
  </ItemGroup>
  <ItemGroup>
    <ClCompile Include="$(MSBuildThisFileDirectory)backend\direct3d12\direct3d12_convert.cpp">
      <Filter>backend\direct3d12</Filter>
    </ClCompile>
    <ClCompile Include="$(MSBuildThisFileDirectory)backend\direct3d12\direct3d12_fence.cpp">
      <Filter>backend\direct3d12</Filter>
    </ClCompile>
    <ClCompile Include="$(MSBuildThisFileDirectory)backend\direct3d12\direct3d12_shader.cpp">
      <Filter>backend\direct3d12</Filter>
    </ClCompile>
    <ClCompile Include="$(MSBuildThisFileDirectory)backend\direct3d12\direct3d12.cpp">
      <Filter>backend\direct3d12</Filter>
    </ClCompile>
    <ClCompile Include="$(MSBuildThisFileDirectory)backend\direct3d12\direct3d12_backend.cpp">
      <Filter>backend\direct3d12</Filter>
    </ClCompile>
    <ClCompile Include="$(MSBuildThisFileDirectory)backend\direct3d12\direct3d12_command_buffer.cpp">
      <Filter>backend\direct3d12</Filter>
    </ClCompile>
    <ClCompile Include="$(MSBuildThisFileDirectory)backend\direct3d12\direct3d12_command_queue.cpp">
      <Filter>backend\direct3d12</Filter>
    </ClCompile>
    <ClCompile Include="$(MSBuildThisFileDirectory)graphics.cpp" />
    <ClCompile Include="$(MSBuildThisFileDirectory)hir\block.cpp">
      <Filter>hir</Filter>
    </ClCompile>
    <ClCompile Include="$(MSBuildThisFileDirectory)hir\builder.cpp">
      <Filter>hir</Filter>
    </ClCompile>
    <ClCompile Include="$(MSBuildThisFileDirectory)hir\function.cpp">
      <Filter>hir</Filter>
    </ClCompile>
    <ClCompile Include="$(MSBuildThisFileDirectory)hir\instruction.cpp">
      <Filter>hir</Filter>
    </ClCompile>
    <ClCompile Include="$(MSBuildThisFileDirectory)hir\module.cpp">
      <Filter>hir</Filter>
    </ClCompile>
    <ClCompile Include="$(MSBuildThisFileDirectory)backend\direct3d12\direct3d12_debug.cpp">
      <Filter>backend\direct3d12</Filter>
    </ClCompile>
    <ClCompile Include="$(MSBuildThisFileDirectory)backend\direct3d12\direct3d12_vertex_buffer.cpp">
      <Filter>backend\direct3d12</Filter>
    </ClCompile>
    <ClCompile Include="$(MSBuildThisFileDirectory)frontend\opengl\opengl_shader_parser.cpp">
      <Filter>frontend\opengl</Filter>
    </ClCompile>
    <ClCompile Include="$(MSBuildThisFileDirectory)frontend\shader_parser.cpp">
      <Filter>frontend</Filter>
    </ClCompile>
    <ClCompile Include="$(MSBuildThisFileDirectory)frontend\opengl\glsl_parser.y.cpp">
      <Filter>frontend\opengl</Filter>
    </ClCompile>
    <ClCompile Include="$(MSBuildThisFileDirectory)frontend\opengl\glsl_parser.l.cpp">
      <Filter>frontend\opengl</Filter>
    </ClCompile>
    <ClCompile Include="$(MSBuildThisFileDirectory)frontend\vulkan\vulkan_shader_parser.cpp">
      <Filter>frontend\vulkan</Filter>
    </ClCompile>
    <ClCompile Include="$(MSBuildThisFileDirectory)backend\direct3d12\direct3d12_texture.cpp">
      <Filter>backend\direct3d12</Filter>
    </ClCompile>
    <ClCompile Include="$(MSBuildThisFileDirectory)format.cpp" />
    <ClCompile Include="$(MSBuildThisFileDirectory)backend\direct3d12\direct3d12_resource.cpp">
      <Filter>backend\direct3d12</Filter>
    </ClCompile>
    <ClCompile Include="$(MSBuildThisFileDirectory)backend\vulkan\vulkan_shader.cpp">
      <Filter>backend\vulkan</Filter>
    </ClCompile>
    <ClCompile Include="$(MSBuildThisFileDirectory)backend\vulkan\vulkan_backend.cpp">
      <Filter>backend\vulkan</Filter>
    </ClCompile>
    <ClCompile Include="$(MSBuildThisFileDirectory)backend\vulkan\vulkan.cpp">
      <Filter>backend\vulkan</Filter>
    </ClCompile>
  </ItemGroup>
  <ItemGroup>
    <ClInclude Include="$(MSBuildThisFileDirectory)backend\direct3d12\direct3d12_convert.h">
      <Filter>backend\direct3d12</Filter>
    </ClInclude>
    <ClInclude Include="$(MSBuildThisFileDirectory)backend\direct3d12\direct3d12_fence.h">
      <Filter>backend\direct3d12</Filter>
    </ClInclude>
    <ClInclude Include="$(MSBuildThisFileDirectory)backend\direct3d12\direct3d12_heap.h">
      <Filter>backend\direct3d12</Filter>
    </ClInclude>
    <ClInclude Include="$(MSBuildThisFileDirectory)backend\direct3d12\direct3d12_pipeline.h">
      <Filter>backend\direct3d12</Filter>
    </ClInclude>
    <ClInclude Include="$(MSBuildThisFileDirectory)backend\direct3d12\direct3d12_resource.h">
      <Filter>backend\direct3d12</Filter>
    </ClInclude>
    <ClInclude Include="$(MSBuildThisFileDirectory)backend\direct3d12\direct3d12_shader.h">
      <Filter>backend\direct3d12</Filter>
    </ClInclude>
    <ClInclude Include="$(MSBuildThisFileDirectory)backend\direct3d12\direct3d12_target.h">
      <Filter>backend\direct3d12</Filter>
    </ClInclude>
    <ClInclude Include="$(MSBuildThisFileDirectory)backend\direct3d12\direct3d12_texture.h">
      <Filter>backend\direct3d12</Filter>
    </ClInclude>
    <ClInclude Include="$(MSBuildThisFileDirectory)backend\direct3d12\direct3d12.h">
      <Filter>backend\direct3d12</Filter>
    </ClInclude>
    <ClInclude Include="$(MSBuildThisFileDirectory)backend\direct3d12\direct3d12_backend.h">
      <Filter>backend\direct3d12</Filter>
    </ClInclude>
    <ClInclude Include="$(MSBuildThisFileDirectory)backend\direct3d12\direct3d12_command_buffer.h">
      <Filter>backend\direct3d12</Filter>
    </ClInclude>
    <ClInclude Include="$(MSBuildThisFileDirectory)backend\direct3d12\direct3d12_command_queue.h">
      <Filter>backend\direct3d12</Filter>
    </ClInclude>
    <ClInclude Include="$(MSBuildThisFileDirectory)command_buffer.h" />
    <ClInclude Include="$(MSBuildThisFileDirectory)command_queue.h" />
    <ClInclude Include="$(MSBuildThisFileDirectory)fence.h" />
    <ClInclude Include="$(MSBuildThisFileDirectory)format.h" />
    <ClInclude Include="$(MSBuildThisFileDirectory)graphics.h" />
    <ClInclude Include="$(MSBuildThisFileDirectory)heap.h" />
    <ClInclude Include="$(MSBuildThisFileDirectory)pipeline.h" />
    <ClInclude Include="$(MSBuildThisFileDirectory)primitive.h" />
    <ClInclude Include="$(MSBuildThisFileDirectory)rectangle.h" />
    <ClInclude Include="$(MSBuildThisFileDirectory)resource.h" />
    <ClInclude Include="$(MSBuildThisFileDirectory)shader.h" />
    <ClInclude Include="$(MSBuildThisFileDirectory)target.h" />
    <ClInclude Include="$(MSBuildThisFileDirectory)texture.h" />
    <ClInclude Include="$(MSBuildThisFileDirectory)vertex_buffer.h" />
    <ClInclude Include="$(MSBuildThisFileDirectory)viewport.h" />
    <ClInclude Include="$(MSBuildThisFileDirectory)hir\module.h">
      <Filter>hir</Filter>
    </ClInclude>
    <ClInclude Include="$(MSBuildThisFileDirectory)hir\block.h">
      <Filter>hir</Filter>
    </ClInclude>
    <ClInclude Include="$(MSBuildThisFileDirectory)hir\builder.h">
      <Filter>hir</Filter>
    </ClInclude>
    <ClInclude Include="$(MSBuildThisFileDirectory)hir\function.h">
      <Filter>hir</Filter>
    </ClInclude>
    <ClInclude Include="$(MSBuildThisFileDirectory)hir\instruction.h">
      <Filter>hir</Filter>
    </ClInclude>
    <ClInclude Include="$(MSBuildThisFileDirectory)backend\direct3d12\direct3d12_debug.h">
      <Filter>backend\direct3d12</Filter>
    </ClInclude>
    <ClInclude Include="$(MSBuildThisFileDirectory)backend\direct3d12\direct3d12_vertex_buffer.h">
      <Filter>backend\direct3d12</Filter>
    </ClInclude>
    <ClInclude Include="$(MSBuildThisFileDirectory)hir\hir.h">
      <Filter>hir</Filter>
    </ClInclude>
    <ClInclude Include="$(MSBuildThisFileDirectory)frontend\opengl\opengl_shader_parser.h">
      <Filter>frontend\opengl</Filter>
    </ClInclude>
    <ClInclude Include="$(MSBuildThisFileDirectory)frontend\shader_parser.h">
      <Filter>frontend</Filter>
    </ClInclude>
    <ClInclude Include="$(MSBuildThisFileDirectory)frontend\opengl\glsl_parser.y.hpp">
      <Filter>frontend\opengl</Filter>
    </ClInclude>
    <ClInclude Include="$(MSBuildThisFileDirectory)frontend\vulkan\vulkan_shader_parser.h">
      <Filter>frontend\vulkan</Filter>
    </ClInclude>
    <ClInclude Include="$(MSBuildThisFileDirectory)frontend\vulkan\vulkan.h">
      <Filter>frontend\vulkan</Filter>
    </ClInclude>
    <ClInclude Include="$(MSBuildThisFileDirectory)backend\vulkan\vulkan_shader.h">
      <Filter>backend\vulkan</Filter>
    </ClInclude>
    <ClInclude Include="$(MSBuildThisFileDirectory)backend\list.h">
      <Filter>backend</Filter>
    </ClInclude>
    <ClInclude Include="$(MSBuildThisFileDirectory)backend\vulkan\vulkan_backend.h">
      <Filter>backend\vulkan</Filter>
    </ClInclude>
    <ClInclude Include="$(MSBuildThisFileDirectory)backend\vulkan\vulkan.h">
      <Filter>backend\vulkan</Filter>
    </ClInclude>
  </ItemGroup>
  <ItemGroup>
    <None Include="$(MSBuildThisFileDirectory)backend\direct3d12\direct3d12.inl">
      <Filter>backend\direct3d12</Filter>
    </None>
    <None Include="$(MSBuildThisFileDirectory)frontend\opengl\glsl_parser.y">
      <Filter>frontend\opengl</Filter>
    </None>
    <None Include="$(MSBuildThisFileDirectory)frontend\opengl\glsl_parser.l">
      <Filter>frontend\opengl</Filter>
    </None>
    <None Include="$(MSBuildThisFileDirectory)format.inl" />
  </ItemGroup>
</Project>