<?xml version="1.0" encoding="utf-8"?>
<Project ToolsVersion="4.0" xmlns="http://schemas.microsoft.com/developer/msbuild/2003">
  <ItemGroup>
    <ClCompile Include="filesystem.cpp" />
    <ClCompile Include="device\host_path\host_path_device.cpp">
      <Filter>device\host_path</Filter>
    </ClCompile>
    <ClCompile Include="device\host_path\host_path_file.cpp">
      <Filter>device\host_path</Filter>
    </ClCompile>
    <ClCompile Include="utils.cpp" />
    <ClCompile Include="device\iso_container\iso_container_file.cpp">
      <Filter>device\iso_container</Filter>
    </ClCompile>
    <ClCompile Include="device\iso_container\iso_container_device.cpp">
      <Filter>device\iso_container</Filter>
    </ClCompile>
  </ItemGroup>
  <ItemGroup>
    <ClInclude Include="filesystem.h" />
    <ClInclude Include="device.h" />
    <ClInclude Include="device\host_path\host_path_device.h">
      <Filter>device\host_path</Filter>
    </ClInclude>
    <ClInclude Include="file.h" />
    <ClInclude Include="device\host_path\host_path_file.h">
      <Filter>device\host_path</Filter>
    </ClInclude>
    <ClInclude Include="directory.h" />
    <ClInclude Include="utils.h" />
    <ClInclude Include="path.h" />
    <ClInclude Include="device\iso_container\iso_container_file.h">
      <Filter>device\iso_container</Filter>
    </ClInclude>
    <ClInclude Include="device\iso_container\iso_container_device.h">
      <Filter>device\iso_container</Filter>
    </ClInclude>
  </ItemGroup>
  <ItemGroup>
    <Filter Include="device">
      <UniqueIdentifier>{bb5d838e-6f48-4fde-af67-5d8eb9968399}</UniqueIdentifier>
    </Filter>
    <Filter Include="device\host_path">
      <UniqueIdentifier>{dbdec145-5fc8-4e96-8eb7-9a3d71529fcd}</UniqueIdentifier>
    </Filter>
    <Filter Include="device\iso_container">
      <UniqueIdentifier>{181073a1-9bd5-468f-b159-ae55f9fd42dc}</UniqueIdentifier>
    </Filter>
  </ItemGroup>
</Project>