<?xml version="1.0" encoding="utf-8"?>
<Project ToolsVersion="14.0" xmlns="http://schemas.microsoft.com/developer/msbuild/2003">
  <ItemGroup>
    <Filter Include="Assets">
      <UniqueIdentifier>69219378-3fd9-4def-8b0a-9c04c679acfe</UniqueIdentifier>
      <Extensions>bmp;fbx;gif;jpg;jpeg;tga;tiff;tif;png</Extensions>
    </Filter>
    <Filter Include="resources">
      <UniqueIdentifier>{17116206-104a-4728-ae9a-ca289e09b30c}</UniqueIdentifier>
    </Filter>
    <Filter Include="resources\languages">
      <UniqueIdentifier>{4a6981f6-5ac2-46e2-94f9-3ed33d5d489c}</UniqueIdentifier>
    </Filter>
    <Filter Include="resources\shaders">
      <UniqueIdentifier>{ddbfa608-0be3-4658-b863-bff446e600a6}</UniqueIdentifier>
    </Filter>
    <Filter Include="resources\images">
      <UniqueIdentifier>{eccccb96-dcca-4fba-8aac-467cd27b16f2}</UniqueIdentifier>
    </Filter>
  </ItemGroup>
  <ItemGroup>
    <ClCompile Include="App.cpp" />
  </ItemGroup>
  <ItemGroup>
    <ClInclude Include="App.h" />
  </ItemGroup>
  <ItemGroup>
    <Image Include="Assets\LockScreenLogo.scale-200.png">
      <Filter>Assets</Filter>
    </Image>
    <Image Include="Assets\SplashScreen.scale-200.png">
      <Filter>Assets</Filter>
    </Image>
    <Image Include="Assets\Square150x150Logo.scale-200.png">
      <Filter>Assets</Filter>
    </Image>
    <Image Include="Assets\Square44x44Logo.scale-200.png">
      <Filter>Assets</Filter>
    </Image>
    <Image Include="Assets\Square44x44Logo.targetsize-24_altform-unplated.png">
      <Filter>Assets</Filter>
    </Image>
    <Image Include="Assets\StoreLogo.png">
      <Filter>Assets</Filter>
    </Image>
    <Image Include="Assets\Wide310x150Logo.scale-200.png">
      <Filter>Assets</Filter>
    </Image>
    <Image Include="..\..\resources\images\nucleus-logo.png">
      <Filter>resources\images</Filter>
    </Image>
  </ItemGroup>
  <ItemGroup>
    <AppxManifest Include="Package.appxmanifest" />
  </ItemGroup>
  <ItemGroup>
    <None Include="nucleus-uwp_TemporaryKey.pfx" />
    <None Include="packages.config" />
    <None Include="..\..\resources\shaders\ui_widget_ps.spv">
      <Filter>resources\shaders</Filter>
    </None>
    <None Include="..\..\resources\shaders\ui_widget_vs.spv">
      <Filter>resources\shaders</Filter>
    </None>
  </ItemGroup>
  <ItemGroup>
    <Xml Include="..\..\resources\languages\en_US.xml">
      <Filter>resources\languages</Filter>
    </Xml>
    <Xml Include="..\..\resources\languages\es_ES.xml">
      <Filter>resources\languages</Filter>
    </Xml>
    <Xml Include="..\..\resources\languages\de_DE.xml">
      <Filter>resources\languages</Filter>
    </Xml>
  </ItemGroup>
</Project>