<?xml version="1.0" encoding="utf-8"?>
<Project ToolsVersion="4.0" xmlns="http://schemas.microsoft.com/developer/msbuild/2003">
  <ItemGroup>
    <ClCompile Include="nucleus.cpp" />
    <ClCompile Include="emulator.cpp" />
    <ClCompile Include="memory\memory.cpp">
      <Filter>memory</Filter>
    </ClCompile>
    <ClCompile Include="loader\loader.cpp">
      <Filter>loader</Filter>
    </ClCompile>
    <ClCompile Include="loader\self.cpp">
      <Filter>loader</Filter>
    </ClCompile>
    <ClCompile Include="memory\segment.cpp">
      <Filter>memory</Filter>
    </ClCompile>
    <ClCompile Include="cpu\cell.cpp">
      <Filter>cpu</Filter>
    </ClCompile>
    <ClCompile Include="cpu\ppu\ppu_thread.cpp">
      <Filter>cpu\ppu</Filter>
    </ClCompile>
    <ClCompile Include="cpu\thread.cpp">
      <Filter>cpu</Filter>
    </ClCompile>
    <ClCompile Include="cpu\ppu\interpreter\ppu_interpreter.cpp">
      <Filter>cpu\ppu\interpreter</Filter>
    </ClCompile>
    <ClCompile Include="cpu\ppu\interpreter\ppu_interpreter_tables.cpp">
      <Filter>cpu\ppu\interpreter</Filter>
    </ClCompile>
    <ClCompile Include="syscalls\lv2.cpp">
      <Filter>syscalls</Filter>
    </ClCompile>
    <ClCompile Include="filesystem\local_file.cpp">
      <Filter>filesystem</Filter>
    </ClCompile>
    <ClCompile Include="loader\keys.cpp">
      <Filter>loader</Filter>
    </ClCompile>
    <ClCompile Include="..\externals\sha1.cpp">
      <Filter>externals</Filter>
    </ClCompile>
    <ClCompile Include="..\externals\aes.cpp">
      <Filter>externals</Filter>
    </ClCompile>
    <ClCompile Include="syscalls\lv2\sys_prx.cpp">
      <Filter>syscalls\lv2</Filter>
    </ClCompile>
    <ClCompile Include="memory\object.cpp">
      <Filter>memory</Filter>
    </ClCompile>
  </ItemGroup>
  <ItemGroup>
    <ClInclude Include="common.h" />
    <ClInclude Include="memory\memory.h">
      <Filter>memory</Filter>
    </ClInclude>
    <ClInclude Include="loader\loader.h">
      <Filter>loader</Filter>
    </ClInclude>
    <ClInclude Include="emulator.h" />
    <ClInclude Include="loader\self.h">
      <Filter>loader</Filter>
    </ClInclude>
    <ClInclude Include="memory\segment.h">
      <Filter>memory</Filter>
    </ClInclude>
    <ClInclude Include="syscalls\lv2\sys_prx.h">
      <Filter>syscalls\lv2</Filter>
    </ClInclude>
    <ClInclude Include="syscalls\lv2\sys_process.h">
      <Filter>syscalls\lv2</Filter>
    </ClInclude>
    <ClInclude Include="cpu\cell.h">
      <Filter>cpu</Filter>
    </ClInclude>
    <ClInclude Include="cpu\ppu\ppu_thread.h">
      <Filter>cpu\ppu</Filter>
    </ClInclude>
    <ClInclude Include="cpu\thread.h">
      <Filter>cpu</Filter>
    </ClInclude>
    <ClInclude Include="cpu\translator.h">
      <Filter>cpu</Filter>
    </ClInclude>
    <ClInclude Include="cpu\ppu\ppu_instructions.h">
      <Filter>cpu\ppu</Filter>
    </ClInclude>
    <ClInclude Include="cpu\ppu\interpreter\ppu_interpreter.h">
      <Filter>cpu\ppu\interpreter</Filter>
    </ClInclude>
    <ClInclude Include="cpu\ppu\interpreter\ppu_interpreter_tables.h">
      <Filter>cpu\ppu\interpreter</Filter>
    </ClInclude>
    <ClInclude Include="syscalls\lv2.h">
      <Filter>syscalls</Filter>
    </ClInclude>
    <ClInclude Include="filesystem\local_file.h">
      <Filter>filesystem</Filter>
    </ClInclude>
    <ClInclude Include="loader\keys.h">
      <Filter>loader</Filter>
    </ClInclude>
    <ClInclude Include="..\externals\aes.h">
      <Filter>externals</Filter>
    </ClInclude>
    <ClInclude Include="..\externals\sha1.h">
      <Filter>externals</Filter>
    </ClInclude>
    <ClInclude Include="memory\object.h">
      <Filter>memory</Filter>
    </ClInclude>
  </ItemGroup>
  <ItemGroup>
    <Filter Include="memory">
      <UniqueIdentifier>{0d4708de-7f5e-4bd8-968a-94d01a0ed9d1}</UniqueIdentifier>
    </Filter>
    <Filter Include="loader">
      <UniqueIdentifier>{479b5b01-f2da-42d5-a4e5-0fda62fbb44f}</UniqueIdentifier>
    </Filter>
    <Filter Include="cpu">
      <UniqueIdentifier>{5a59cd46-0107-45aa-8c3a-f6e90f81ea6d}</UniqueIdentifier>
    </Filter>
    <Filter Include="gpu">
      <UniqueIdentifier>{e73e9bb7-26a5-4038-9c4b-8cd6d55b4b0e}</UniqueIdentifier>
    </Filter>
    <Filter Include="filesystem">
      <UniqueIdentifier>{03497551-abec-49d6-a70c-7fca3e33223d}</UniqueIdentifier>
    </Filter>
    <Filter Include="syscalls">
      <UniqueIdentifier>{a8b82903-091e-4314-9b63-b4403ee2fb2d}</UniqueIdentifier>
    </Filter>
    <Filter Include="syscalls\lv2">
      <UniqueIdentifier>{c4dacbb1-5a4c-4b3b-863b-3081f65cf594}</UniqueIdentifier>
    </Filter>
    <Filter Include="cpu\ppu">
      <UniqueIdentifier>{b9d5fcc3-3779-418c-b69b-f466239485ca}</UniqueIdentifier>
    </Filter>
    <Filter Include="cpu\spu">
      <UniqueIdentifier>{c47659f4-1b74-48cc-ab31-c1af611742b4}</UniqueIdentifier>
    </Filter>
    <Filter Include="cpu\ppu\interpreter">
      <UniqueIdentifier>{f788fe4b-e985-4668-8282-ec98f9c35c96}</UniqueIdentifier>
    </Filter>
    <Filter Include="externals">
      <UniqueIdentifier>{e68c46f9-ed48-4999-80bd-da820720b686}</UniqueIdentifier>
    </Filter>
  </ItemGroup>
</Project>