<?xml version="1.0" encoding="utf-8"?>
<Project ToolsVersion="4.0" xmlns="http://schemas.microsoft.com/developer/msbuild/2003">
  <ItemGroup>
    <ClCompile Include="nucleus.cpp" />
    <ClCompile Include="emulator.cpp" />
    <ClCompile Include="memory\memory.cpp">
      <Filter>memory</Filter>
    </ClCompile>
    <ClCompile Include="loader\loader.cpp">
      <Filter>loader</Filter>
    </ClCompile>
  </ItemGroup>
  <ItemGroup>
    <ClInclude Include="common.h" />
    <ClInclude Include="memory\memory.h">
      <Filter>memory</Filter>
    </ClInclude>
    <ClInclude Include="loader\loader.h">
      <Filter>loader</Filter>
    </ClInclude>
    <ClInclude Include="emulator.h" />
  </ItemGroup>
  <ItemGroup>
    <Filter Include="memory">
      <UniqueIdentifier>{0d4708de-7f5e-4bd8-968a-94d01a0ed9d1}</UniqueIdentifier>
    </Filter>
    <Filter Include="loader">
      <UniqueIdentifier>{479b5b01-f2da-42d5-a4e5-0fda62fbb44f}</UniqueIdentifier>
    </Filter>
    <Filter Include="cpu">
      <UniqueIdentifier>{5a59cd46-0107-45aa-8c3a-f6e90f81ea6d}</UniqueIdentifier>
    </Filter>
    <Filter Include="gpu">
      <UniqueIdentifier>{e73e9bb7-26a5-4038-9c4b-8cd6d55b4b0e}</UniqueIdentifier>
    </Filter>
  </ItemGroup>
</Project>