<?xml version="1.0" encoding="utf-8"?>
<Project ToolsVersion="4.0" xmlns="http://schemas.microsoft.com/developer/msbuild/2003">
  <ItemGroup>
    <ClCompile Include="emulator.cpp" />
    <ClCompile Include="loader\loader.cpp">
      <Filter>loader</Filter>
    </ClCompile>
    <ClCompile Include="loader\self.cpp">
      <Filter>loader</Filter>
    </ClCompile>
    <ClCompile Include="loader\keys.cpp">
      <Filter>loader</Filter>
    </ClCompile>
    <ClCompile Include="..\externals\sha1.cpp">
      <Filter>externals</Filter>
    </ClCompile>
    <ClCompile Include="..\externals\aes.cpp">
      <Filter>externals</Filter>
    </ClCompile>
    <ClCompile Include="..\externals\mongoose\mongoose.c">
      <Filter>externals\mongoose</Filter>
    </ClCompile>
    <ClCompile Include="format.cpp" />
    <ClCompile Include="nucleus.cpp" />
    <ClCompile Include="..\externals\stb\stb_image.c">
      <Filter>externals\stb</Filter>
    </ClCompile>
    <ClCompile Include="..\externals\stb\stb_truetype.c">
      <Filter>externals\stb</Filter>
    </ClCompile>
    <ClCompile Include="loader\psf.cpp">
      <Filter>loader</Filter>
    </ClCompile>
  </ItemGroup>
  <ItemGroup>
    <ClInclude Include="common.h" />
    <ClInclude Include="loader\loader.h">
      <Filter>loader</Filter>
    </ClInclude>
    <ClInclude Include="emulator.h" />
    <ClInclude Include="loader\self.h">
      <Filter>loader</Filter>
    </ClInclude>
    <ClInclude Include="loader\keys.h">
      <Filter>loader</Filter>
    </ClInclude>
    <ClInclude Include="..\externals\aes.h">
      <Filter>externals</Filter>
    </ClInclude>
    <ClInclude Include="..\externals\sha1.h">
      <Filter>externals</Filter>
    </ClInclude>
    <ClInclude Include="..\externals\mongoose\mongoose.h">
      <Filter>externals\mongoose</Filter>
    </ClInclude>
    <ClInclude Include="format.h" />
    <ClInclude Include="nucleus.h" />
    <ClInclude Include="..\externals\stb\stb_image.h">
      <Filter>externals\stb</Filter>
    </ClInclude>
    <ClInclude Include="..\externals\stb\stb_truetype.h">
      <Filter>externals\stb</Filter>
    </ClInclude>
    <ClInclude Include="loader\psf.h">
      <Filter>loader</Filter>
    </ClInclude>
    <ClInclude Include="endianness.h" />
    <ClInclude Include="types.h" />
    <ClInclude Include="assert.h" />
  </ItemGroup>
  <ItemGroup>
    <Filter Include="loader">
      <UniqueIdentifier>{479b5b01-f2da-42d5-a4e5-0fda62fbb44f}</UniqueIdentifier>
    </Filter>
    <Filter Include="externals">
      <UniqueIdentifier>{e68c46f9-ed48-4999-80bd-da820720b686}</UniqueIdentifier>
    </Filter>
    <Filter Include="externals\mongoose">
      <UniqueIdentifier>{ba021b58-b3bb-40c5-be21-d6333cb88b4d}</UniqueIdentifier>
    </Filter>
    <Filter Include="externals\stb">
      <UniqueIdentifier>{3437dee8-85fc-483f-a84a-64fea19d469d}</UniqueIdentifier>
    </Filter>
  </ItemGroup>
</Project>