<?xml version="1.0" encoding="utf-8"?>
<Project ToolsVersion="4.0" xmlns="http://schemas.microsoft.com/developer/msbuild/2003">
  <ItemGroup>
    <Filter Include="frontend">
      <UniqueIdentifier>{aa01e338-be0f-4150-91f9-a91c9ee26c8e}</UniqueIdentifier>
    </Filter>
    <Filter Include="backend">
      <UniqueIdentifier>{783ed1cb-afd3-4268-8ba4-b1c8f558056f}</UniqueIdentifier>
    </Filter>
    <Filter Include="hir">
      <UniqueIdentifier>{35a85a48-a0d4-4301-82f3-141bf0e894d1}</UniqueIdentifier>
    </Filter>
    <Filter Include="frontend\ppu">
      <UniqueIdentifier>{10ec6d9c-64ff-4e54-b7ff-1d6d84dbfa4a}</UniqueIdentifier>
    </Filter>
    <Filter Include="frontend\spu">
      <UniqueIdentifier>{b2021a4b-af27-483a-94ec-adddc1dab75e}</UniqueIdentifier>
    </Filter>
    <Filter Include="frontend\ppu\analyzer">
      <UniqueIdentifier>{0a1c45d6-0d4b-4b6b-b023-7f2066d3ec66}</UniqueIdentifier>
    </Filter>
    <Filter Include="frontend\ppu\recompiler">
      <UniqueIdentifier>{6f4e5a8e-2425-46a5-8f28-f6fbfb337b35}</UniqueIdentifier>
    </Filter>
    <Filter Include="frontend\spu\recompiler">
      <UniqueIdentifier>{4d041573-090b-4769-864b-1bae72b07743}</UniqueIdentifier>
    </Filter>
    <Filter Include="backend\x86">
      <UniqueIdentifier>{841491b9-6b50-4f3a-80eb-35890d7f4fda}</UniqueIdentifier>
    </Filter>
    <Filter Include="hir\passes">
      <UniqueIdentifier>{1a58fea7-0ae9-49a6-8ef4-85717b0736c2}</UniqueIdentifier>
    </Filter>
    <Filter Include="backend\ppc">
      <UniqueIdentifier>{714a594b-19de-4969-862f-f19a58f37cb2}</UniqueIdentifier>
    </Filter>
    <Filter Include="backend\arm">
      <UniqueIdentifier>{02eb8b61-f17d-4c2d-a648-6befb066fc7c}</UniqueIdentifier>
    </Filter>
  </ItemGroup>
  <ItemGroup>
    <ClCompile Include="frontend\ppu\ppu_decoder.cpp">
      <Filter>frontend\ppu</Filter>
    </ClCompile>
    <ClCompile Include="frontend\ppu\ppu_instruction.cpp">
      <Filter>frontend\ppu</Filter>
    </ClCompile>
    <ClCompile Include="frontend\ppu\ppu_state.cpp">
      <Filter>frontend\ppu</Filter>
    </ClCompile>
    <ClCompile Include="frontend\ppu\ppu_tables.cpp">
      <Filter>frontend\ppu</Filter>
    </ClCompile>
    <ClCompile Include="frontend\ppu\ppu_thread.cpp">
      <Filter>frontend\ppu</Filter>
    </ClCompile>
    <ClCompile Include="frontend\ppu\analyzer\ppu_analyzer_float.cpp">
      <Filter>frontend\ppu\analyzer</Filter>
    </ClCompile>
    <ClCompile Include="frontend\ppu\analyzer\ppu_analyzer_integer.cpp">
      <Filter>frontend\ppu\analyzer</Filter>
    </ClCompile>
    <ClCompile Include="frontend\ppu\analyzer\ppu_analyzer_memory.cpp">
      <Filter>frontend\ppu\analyzer</Filter>
    </ClCompile>
    <ClCompile Include="frontend\ppu\analyzer\ppu_analyzer_vector.cpp">
      <Filter>frontend\ppu\analyzer</Filter>
    </ClCompile>
    <ClCompile Include="frontend\ppu\analyzer\ppu_analyzer.cpp">
      <Filter>frontend\ppu\analyzer</Filter>
    </ClCompile>
    <ClCompile Include="frontend\ppu\analyzer\ppu_analyzer_branch.cpp">
      <Filter>frontend\ppu\analyzer</Filter>
    </ClCompile>
    <ClCompile Include="frontend\ppu\analyzer\ppu_analyzer_control.cpp">
      <Filter>frontend\ppu\analyzer</Filter>
    </ClCompile>
    <ClCompile Include="frontend\ppu\recompiler\ppu_recompiler_branch.cpp">
      <Filter>frontend\ppu\recompiler</Filter>
    </ClCompile>
    <ClCompile Include="frontend\ppu\recompiler\ppu_recompiler_control.cpp">
      <Filter>frontend\ppu\recompiler</Filter>
    </ClCompile>
    <ClCompile Include="frontend\ppu\recompiler\ppu_recompiler_float.cpp">
      <Filter>frontend\ppu\recompiler</Filter>
    </ClCompile>
    <ClCompile Include="frontend\ppu\recompiler\ppu_recompiler_integer.cpp">
      <Filter>frontend\ppu\recompiler</Filter>
    </ClCompile>
    <ClCompile Include="frontend\ppu\recompiler\ppu_recompiler_memory.cpp">
      <Filter>frontend\ppu\recompiler</Filter>
    </ClCompile>
    <ClCompile Include="frontend\ppu\recompiler\ppu_recompiler_vector.cpp">
      <Filter>frontend\ppu\recompiler</Filter>
    </ClCompile>
    <ClCompile Include="frontend\ppu\recompiler\ppu_recompiler.cpp">
      <Filter>frontend\ppu\recompiler</Filter>
    </ClCompile>
    <ClCompile Include="hir\builder.cpp">
      <Filter>hir</Filter>
    </ClCompile>
    <ClCompile Include="hir\function.cpp">
      <Filter>hir</Filter>
    </ClCompile>
    <ClCompile Include="hir\module.cpp">
      <Filter>hir</Filter>
    </ClCompile>
    <ClCompile Include="hir\value.cpp">
      <Filter>hir</Filter>
    </ClCompile>
    <ClCompile Include="hir\block.cpp">
      <Filter>hir</Filter>
    </ClCompile>
    <ClCompile Include="thread.cpp" />
    <ClCompile Include="cell.cpp" />
    <ClCompile Include="hir\type.cpp">
      <Filter>hir</Filter>
    </ClCompile>
    <ClCompile Include="frontend\ppu\ppu_utils.cpp">
      <Filter>frontend\ppu</Filter>
    </ClCompile>
    <ClCompile Include="frontend\spu\recompiler\spu_recompiler.cpp">
      <Filter>frontend\spu\recompiler</Filter>
    </ClCompile>
    <ClCompile Include="frontend\spu\recompiler\spu_recompiler_integer.cpp">
      <Filter>frontend\spu\recompiler</Filter>
    </ClCompile>
    <ClCompile Include="frontend\spu\recompiler\spu_recompiler_memory.cpp">
      <Filter>frontend\spu\recompiler</Filter>
    </ClCompile>
    <ClCompile Include="frontend\spu\recompiler\spu_recompiler_branch.cpp">
      <Filter>frontend\spu\recompiler</Filter>
    </ClCompile>
    <ClCompile Include="frontend\spu\recompiler\spu_recompiler_control.cpp">
      <Filter>frontend\spu\recompiler</Filter>
    </ClCompile>
    <ClCompile Include="frontend\spu\recompiler\spu_recompiler_float.cpp">
      <Filter>frontend\spu\recompiler</Filter>
    </ClCompile>
    <ClCompile Include="frontend\spu\recompiler\spu_recompiler_channel.cpp">
      <Filter>frontend\spu\recompiler</Filter>
    </ClCompile>
    <ClCompile Include="backend\x86\x86_compiler.cpp">
      <Filter>backend\x86</Filter>
    </ClCompile>
    <ClCompile Include="backend\x86\x86_sequences.cpp">
      <Filter>backend\x86</Filter>
    </ClCompile>
    <ClCompile Include="backend\x86\x86_emitter.cpp">
      <Filter>backend\x86</Filter>
    </ClCompile>
    <ClCompile Include="hir\opcodes.cpp">
      <Filter>hir</Filter>
    </ClCompile>
    <ClCompile Include="hir\passes\register_allocation_pass.cpp">
      <Filter>hir\passes</Filter>
    </ClCompile>
    <ClCompile Include="backend\compiler.cpp">
      <Filter>backend</Filter>
    </ClCompile>
    <ClCompile Include="hir\passes\dead_code_elimination_pass.cpp">
      <Filter>hir\passes</Filter>
    </ClCompile>
    <ClCompile Include="util.cpp" />
    <ClCompile Include="hir\instruction.cpp">
      <Filter>hir</Filter>
    </ClCompile>
    <ClCompile Include="frontend\spu\spu_state.cpp">
      <Filter>frontend\spu</Filter>
    </ClCompile>
    <ClCompile Include="backend\x86\x86_constants.cpp">
      <Filter>backend\x86</Filter>
    </ClCompile>
    <ClCompile Include="backend\ppc\ppc_assembler.cpp">
      <Filter>backend\ppc</Filter>
    </ClCompile>
    <ClCompile Include="backend\arm\arm_assembler.cpp">
      <Filter>backend\arm</Filter>
    </ClCompile>
    <ClCompile Include="cpu.cpp" />
    <ClCompile Include="frontend\spu\spu_thread.cpp">
      <Filter>frontend\spu</Filter>
    </ClCompile>
  </ItemGroup>
  <ItemGroup>
    <ClInclude Include="frontend\ppu\ppu_decoder.h">
      <Filter>frontend\ppu</Filter>
    </ClInclude>
    <ClInclude Include="frontend\ppu\ppu_instruction.h">
      <Filter>frontend\ppu</Filter>
    </ClInclude>
    <ClInclude Include="frontend\ppu\ppu_state.h">
      <Filter>frontend\ppu</Filter>
    </ClInclude>
    <ClInclude Include="frontend\ppu\ppu_tables.h">
      <Filter>frontend\ppu</Filter>
    </ClInclude>
    <ClInclude Include="frontend\ppu\ppu_thread.h">
      <Filter>frontend\ppu</Filter>
    </ClInclude>
    <ClInclude Include="frontend\ppu\analyzer\ppu_analyzer.h">
      <Filter>frontend\ppu\analyzer</Filter>
    </ClInclude>
    <ClInclude Include="frontend\ppu\recompiler\ppu_recompiler.h">
      <Filter>frontend\ppu\recompiler</Filter>
    </ClInclude>
    <ClInclude Include="hir\builder.h">
      <Filter>hir</Filter>
    </ClInclude>
    <ClInclude Include="hir\function.h">
      <Filter>hir</Filter>
    </ClInclude>
    <ClInclude Include="hir\module.h">
      <Filter>hir</Filter>
    </ClInclude>
    <ClInclude Include="hir\value.h">
      <Filter>hir</Filter>
    </ClInclude>
    <ClInclude Include="hir\block.h">
      <Filter>hir</Filter>
    </ClInclude>
    <ClInclude Include="thread.h" />
    <ClInclude Include="cell.h" />
    <ClInclude Include="hir\type.h">
      <Filter>hir</Filter>
    </ClInclude>
    <ClInclude Include="frontend\frontend_block.h">
      <Filter>frontend</Filter>
    </ClInclude>
    <ClInclude Include="frontend\frontend_function.h">
      <Filter>frontend</Filter>
    </ClInclude>
    <ClInclude Include="frontend\frontend_recompiler.h">
      <Filter>frontend</Filter>
    </ClInclude>
    <ClInclude Include="frontend\ppu\ppu_utils.h">
      <Filter>frontend\ppu</Filter>
    </ClInclude>
    <ClInclude Include="frontend\spu\recompiler\spu_recompiler.h">
      <Filter>frontend\spu\recompiler</Filter>
    </ClInclude>
    <ClInclude Include="hir\opcodes.h">
      <Filter>hir</Filter>
    </ClInclude>
    <ClInclude Include="hir\instruction.h">
      <Filter>hir</Filter>
    </ClInclude>
    <ClInclude Include="backend\compiler.h">
      <Filter>backend</Filter>
    </ClInclude>
    <ClInclude Include="backend\x86\x86_compiler.h">
      <Filter>backend\x86</Filter>
    </ClInclude>
    <ClInclude Include="backend\x86\x86_sequences.h">
      <Filter>backend\x86</Filter>
    </ClInclude>
    <ClInclude Include="backend\sequences.h">
      <Filter>backend</Filter>
    </ClInclude>
    <ClInclude Include="backend\x86\x86_emitter.h">
      <Filter>backend\x86</Filter>
    </ClInclude>
    <ClInclude Include="hir\pass.h">
      <Filter>hir</Filter>
    </ClInclude>
    <ClInclude Include="hir\passes\register_allocation_pass.h">
      <Filter>hir\passes</Filter>
    </ClInclude>
    <ClInclude Include="hir\passes\dead_code_elimination_pass.h">
      <Filter>hir\passes</Filter>
    </ClInclude>
    <ClInclude Include="hir\passes.h">
      <Filter>hir</Filter>
    </ClInclude>
    <ClInclude Include="backend\target.h">
      <Filter>backend</Filter>
    </ClInclude>
    <ClInclude Include="frontend\frontend_module.h">
      <Filter>frontend</Filter>
    </ClInclude>
    <ClInclude Include="backend\settings.h">
      <Filter>backend</Filter>
    </ClInclude>
    <ClInclude Include="util.h" />
    <ClInclude Include="frontend\spu\spu_state.h">
      <Filter>frontend\spu</Filter>
    </ClInclude>
    <ClInclude Include="backend\x86\x86_constants.h">
      <Filter>backend\x86</Filter>
    </ClInclude>
    <ClInclude Include="backend\ppc\ppc_assembler.h">
      <Filter>backend\ppc</Filter>
    </ClInclude>
    <ClInclude Include="backend\arm\arm_assembler.h">
      <Filter>backend\arm</Filter>
    </ClInclude>
    <ClInclude Include="backend\assembler.h">
      <Filter>backend</Filter>
    </ClInclude>
    <ClInclude Include="cpu.h" />
    <ClInclude Include="frontend\spu\spu_thread.h">
      <Filter>frontend\spu</Filter>
    </ClInclude>
    <ClInclude Include="state.h" />
  </ItemGroup>
  <ItemGroup>
    <None Include="hir\opcodes.inl">
      <Filter>hir</Filter>
    </None>
  </ItemGroup>
</Project>