<?xml version="1.0" encoding="utf-8"?>
<Project ToolsVersion="4.0" xmlns="http://schemas.microsoft.com/developer/msbuild/2003">
  <ItemGroup>
    <ClCompile Include="test_common.cpp" />
    <ClCompile Include="cpu\test_ppu.cpp">
      <Filter>cpu</Filter>
    </ClCompile>
    <ClCompile Include="cpu\test_spu.cpp">
      <Filter>cpu</Filter>
    </ClCompile>
    <ClCompile Include="cpu\test_ir.cpp">
      <Filter>cpu</Filter>
    </ClCompile>
    <ClCompile Include="cpu\ppc\ppc_integer.cpp">
      <Filter>cpu\ppc</Filter>
    </ClCompile>
    <ClCompile Include="cpu\ppc\ppc_control.cpp">
      <Filter>cpu\ppc</Filter>
    </ClCompile>
    <ClCompile Include="cpu\ppc\ppc_float.cpp">
      <Filter>cpu\ppc</Filter>
    </ClCompile>
    <ClCompile Include="cpu\ppc\ppc_memory.cpp">
      <Filter>cpu\ppc</Filter>
    </ClCompile>
    <ClCompile Include="cpu\ppc\ppc_vector.cpp">
      <Filter>cpu\ppc</Filter>
    </ClCompile>
    <ClCompile Include="cpu\ppc\ppc_branch.cpp">
      <Filter>cpu\ppc</Filter>
    </ClCompile>
  </ItemGroup>
  <ItemGroup>
    <Filter Include="cpu">
      <UniqueIdentifier>{91fce7c8-19c8-4cdf-b9e6-3c5d1b246427}</UniqueIdentifier>
    </Filter>
    <Filter Include="cpu\ppc">
      <UniqueIdentifier>{4cca3aae-2e37-43a3-8a99-2ae016e700f9}</UniqueIdentifier>
    </Filter>
  </ItemGroup>
  <ItemGroup>
    <ClInclude Include="cpu\common.h">
      <Filter>cpu</Filter>
    </ClInclude>
    <ClInclude Include="cpu\test_ppu.h">
      <Filter>cpu</Filter>
    </ClInclude>
    <ClInclude Include="common.h" />
  </ItemGroup>
  <ItemGroup>
    <None Include="cpu\test_ppu.inl">
      <Filter>cpu</Filter>
    </None>
  </ItemGroup>
</Project>