<?xml version="1.0" encoding="utf-8"?>
<Project ToolsVersion="4.0" xmlns="http://schemas.microsoft.com/developer/msbuild/2003">
  <ItemGroup>
    <ClCompile Include="test_common.cpp" />
    <ClCompile Include="cpu\test_ppu.cpp">
      <Filter>cpu</Filter>
    </ClCompile>
    <ClCompile Include="cpu\test_spu.cpp">
      <Filter>cpu</Filter>
    </ClCompile>
  </ItemGroup>
  <ItemGroup>
    <Filter Include="cpu">
      <UniqueIdentifier>{91fce7c8-19c8-4cdf-b9e6-3c5d1b246427}</UniqueIdentifier>
    </Filter>
  </ItemGroup>
</Project>